
Microsoft Visual Studio Solution File, Format Version 12.00
Project("{FAE04EC0-301F-11D3-BF4B-00C04F79EFBC}") = "ConsoleApp1", "ConsoleApp1\ConsoleApp1.csproj", "{C8AB6727-3272-475D-ADBA-67ABCF95A95D}"
EndProject
Global
	GlobalSection(SolutionConfigurationPlatforms) = preSolution
		Debug|Any CPU = Debug|Any CPU
		Release|Any CPU = Release|Any CPU
	EndGlobalSection
	GlobalSection(ProjectConfigurationPlatforms) = postSolution
		{C8AB6727-3272-475D-ADBA-67ABCF95A95D}.Debug|Any CPU.ActiveCfg = Debug|Any CPU
		{C8AB6727-3272-475D-ADBA-67ABCF95A95D}.Debug|Any CPU.Build.0 = Debug|Any CPU
		{C8AB6727-3272-475D-ADBA-67ABCF95A95D}.Release|Any CPU.ActiveCfg = Release|Any CPU
		{C8AB6727-3272-475D-ADBA-67ABCF95A95D}.Release|Any CPU.Build.0 = Release|Any CPU
	EndGlobalSection
EndGlobal
